
Microsoft Visual Studio Solution File, Format Version 12.00
# Visual Studio 15
VisualStudioVersion = 15.0.26124.0
MinimumVisualStudioVersion = 15.0.26124.0
Project("{2150E333-8FDC-42A3-9474-1A3956D46DE8}") = "src", "src", "{665B191A-F857-4DCE-982F-A18D1E69BC93}"
EndProject
Project("{FAE04EC0-301F-11D3-BF4B-00C04F79EFBC}") = "Api.Http", "src\Api.Http\Api.Http.csproj", "{819CA3C9-648D-42AB-9596-1C50F1C83E97}"
EndProject
Project("{FAE04EC0-301F-11D3-BF4B-00C04F79EFBC}") = "Domain", "src\Domain\Domain.csproj", "{84ECA61C-22BC-4954-AB71-9A362C61050C}"
EndProject
Project("{FAE04EC0-301F-11D3-BF4B-00C04F79EFBC}") = "DataAccess", "src\DataAccess\DataAccess.csproj", "{56630348-6F0C-47A4-823C-AF560003A29B}"
EndProject
Project("{FAE04EC0-301F-11D3-BF4B-00C04F79EFBC}") = "Services", "src\Services\Services.csproj", "{FF581E80-19AF-44DB-8C44-C4FDA74AE589}"
EndProject
Project("{FAE04EC0-301F-11D3-BF4B-00C04F79EFBC}") = "EmailManager", "src\EmailManager\EmailManager.csproj", "{435D7A7A-A16F-43BE-9A27-51AE9F4C4E78}"
EndProject
Project("{FAE04EC0-301F-11D3-BF4B-00C04F79EFBC}") = "PaymentManager", "src\PaymentManager\PaymentManager.csproj", "{F39D5F1E-F9D1-4F49-B65C-BC2BFB5CF645}"
EndProject
Project("{2150E333-8FDC-42A3-9474-1A3956D46DE8}") = "tests", "tests", "{6AA1864D-4952-4001-9BDD-E8671F1E71B9}"
EndProject
Project("{FAE04EC0-301F-11D3-BF4B-00C04F79EFBC}") = "Services.UnitTests", "tests\Services.UnitTests\Services.UnitTests.csproj", "{063F3F17-8119-49FE-BB1B-1367B1CB3EBE}"
EndProject
Global
	GlobalSection(SolutionConfigurationPlatforms) = preSolution
		Debug|Any CPU = Debug|Any CPU
		Debug|x64 = Debug|x64
		Debug|x86 = Debug|x86
		Release|Any CPU = Release|Any CPU
		Release|x64 = Release|x64
		Release|x86 = Release|x86
	EndGlobalSection
	GlobalSection(SolutionProperties) = preSolution
		HideSolutionNode = FALSE
	EndGlobalSection
	GlobalSection(ProjectConfigurationPlatforms) = postSolution
		{819CA3C9-648D-42AB-9596-1C50F1C83E97}.Debug|Any CPU.ActiveCfg = Debug|Any CPU
		{819CA3C9-648D-42AB-9596-1C50F1C83E97}.Debug|Any CPU.Build.0 = Debug|Any CPU
		{819CA3C9-648D-42AB-9596-1C50F1C83E97}.Debug|x64.ActiveCfg = Debug|Any CPU
		{819CA3C9-648D-42AB-9596-1C50F1C83E97}.Debug|x64.Build.0 = Debug|Any CPU
		{819CA3C9-648D-42AB-9596-1C50F1C83E97}.Debug|x86.ActiveCfg = Debug|Any CPU
		{819CA3C9-648D-42AB-9596-1C50F1C83E97}.Debug|x86.Build.0 = Debug|Any CPU
		{819CA3C9-648D-42AB-9596-1C50F1C83E97}.Release|Any CPU.ActiveCfg = Release|Any CPU
		{819CA3C9-648D-42AB-9596-1C50F1C83E97}.Release|Any CPU.Build.0 = Release|Any CPU
		{819CA3C9-648D-42AB-9596-1C50F1C83E97}.Release|x64.ActiveCfg = Release|Any CPU
		{819CA3C9-648D-42AB-9596-1C50F1C83E97}.Release|x64.Build.0 = Release|Any CPU
		{819CA3C9-648D-42AB-9596-1C50F1C83E97}.Release|x86.ActiveCfg = Release|Any CPU
		{819CA3C9-648D-42AB-9596-1C50F1C83E97}.Release|x86.Build.0 = Release|Any CPU
		{84ECA61C-22BC-4954-AB71-9A362C61050C}.Debug|Any CPU.ActiveCfg = Debug|Any CPU
		{84ECA61C-22BC-4954-AB71-9A362C61050C}.Debug|Any CPU.Build.0 = Debug|Any CPU
		{84ECA61C-22BC-4954-AB71-9A362C61050C}.Debug|x64.ActiveCfg = Debug|Any CPU
		{84ECA61C-22BC-4954-AB71-9A362C61050C}.Debug|x64.Build.0 = Debug|Any CPU
		{84ECA61C-22BC-4954-AB71-9A362C61050C}.Debug|x86.ActiveCfg = Debug|Any CPU
		{84ECA61C-22BC-4954-AB71-9A362C61050C}.Debug|x86.Build.0 = Debug|Any CPU
		{84ECA61C-22BC-4954-AB71-9A362C61050C}.Release|Any CPU.ActiveCfg = Release|Any CPU
		{84ECA61C-22BC-4954-AB71-9A362C61050C}.Release|Any CPU.Build.0 = Release|Any CPU
		{84ECA61C-22BC-4954-AB71-9A362C61050C}.Release|x64.ActiveCfg = Release|Any CPU
		{84ECA61C-22BC-4954-AB71-9A362C61050C}.Release|x64.Build.0 = Release|Any CPU
		{84ECA61C-22BC-4954-AB71-9A362C61050C}.Release|x86.ActiveCfg = Release|Any CPU
		{84ECA61C-22BC-4954-AB71-9A362C61050C}.Release|x86.Build.0 = Release|Any CPU
		{56630348-6F0C-47A4-823C-AF560003A29B}.Debug|Any CPU.ActiveCfg = Debug|Any CPU
		{56630348-6F0C-47A4-823C-AF560003A29B}.Debug|Any CPU.Build.0 = Debug|Any CPU
		{56630348-6F0C-47A4-823C-AF560003A29B}.Debug|x64.ActiveCfg = Debug|Any CPU
		{56630348-6F0C-47A4-823C-AF560003A29B}.Debug|x64.Build.0 = Debug|Any CPU
		{56630348-6F0C-47A4-823C-AF560003A29B}.Debug|x86.ActiveCfg = Debug|Any CPU
		{56630348-6F0C-47A4-823C-AF560003A29B}.Debug|x86.Build.0 = Debug|Any CPU
		{56630348-6F0C-47A4-823C-AF560003A29B}.Release|Any CPU.ActiveCfg = Release|Any CPU
		{56630348-6F0C-47A4-823C-AF560003A29B}.Release|Any CPU.Build.0 = Release|Any CPU
		{56630348-6F0C-47A4-823C-AF560003A29B}.Release|x64.ActiveCfg = Release|Any CPU
		{56630348-6F0C-47A4-823C-AF560003A29B}.Release|x64.Build.0 = Release|Any CPU
		{56630348-6F0C-47A4-823C-AF560003A29B}.Release|x86.ActiveCfg = Release|Any CPU
		{56630348-6F0C-47A4-823C-AF560003A29B}.Release|x86.Build.0 = Release|Any CPU
		{FF581E80-19AF-44DB-8C44-C4FDA74AE589}.Debug|Any CPU.ActiveCfg = Debug|Any CPU
		{FF581E80-19AF-44DB-8C44-C4FDA74AE589}.Debug|Any CPU.Build.0 = Debug|Any CPU
		{FF581E80-19AF-44DB-8C44-C4FDA74AE589}.Debug|x64.ActiveCfg = Debug|Any CPU
		{FF581E80-19AF-44DB-8C44-C4FDA74AE589}.Debug|x64.Build.0 = Debug|Any CPU
		{FF581E80-19AF-44DB-8C44-C4FDA74AE589}.Debug|x86.ActiveCfg = Debug|Any CPU
		{FF581E80-19AF-44DB-8C44-C4FDA74AE589}.Debug|x86.Build.0 = Debug|Any CPU
		{FF581E80-19AF-44DB-8C44-C4FDA74AE589}.Release|Any CPU.ActiveCfg = Release|Any CPU
		{FF581E80-19AF-44DB-8C44-C4FDA74AE589}.Release|Any CPU.Build.0 = Release|Any CPU
		{FF581E80-19AF-44DB-8C44-C4FDA74AE589}.Release|x64.ActiveCfg = Release|Any CPU
		{FF581E80-19AF-44DB-8C44-C4FDA74AE589}.Release|x64.Build.0 = Release|Any CPU
		{FF581E80-19AF-44DB-8C44-C4FDA74AE589}.Release|x86.ActiveCfg = Release|Any CPU
		{FF581E80-19AF-44DB-8C44-C4FDA74AE589}.Release|x86.Build.0 = Release|Any CPU
		{435D7A7A-A16F-43BE-9A27-51AE9F4C4E78}.Debug|Any CPU.ActiveCfg = Debug|Any CPU
		{435D7A7A-A16F-43BE-9A27-51AE9F4C4E78}.Debug|Any CPU.Build.0 = Debug|Any CPU
		{435D7A7A-A16F-43BE-9A27-51AE9F4C4E78}.Debug|x64.ActiveCfg = Debug|Any CPU
		{435D7A7A-A16F-43BE-9A27-51AE9F4C4E78}.Debug|x64.Build.0 = Debug|Any CPU
		{435D7A7A-A16F-43BE-9A27-51AE9F4C4E78}.Debug|x86.ActiveCfg = Debug|Any CPU
		{435D7A7A-A16F-43BE-9A27-51AE9F4C4E78}.Debug|x86.Build.0 = Debug|Any CPU
		{435D7A7A-A16F-43BE-9A27-51AE9F4C4E78}.Release|Any CPU.ActiveCfg = Release|Any CPU
		{435D7A7A-A16F-43BE-9A27-51AE9F4C4E78}.Release|Any CPU.Build.0 = Release|Any CPU
		{435D7A7A-A16F-43BE-9A27-51AE9F4C4E78}.Release|x64.ActiveCfg = Release|Any CPU
		{435D7A7A-A16F-43BE-9A27-51AE9F4C4E78}.Release|x64.Build.0 = Release|Any CPU
		{435D7A7A-A16F-43BE-9A27-51AE9F4C4E78}.Release|x86.ActiveCfg = Release|Any CPU
		{435D7A7A-A16F-43BE-9A27-51AE9F4C4E78}.Release|x86.Build.0 = Release|Any CPU
		{F39D5F1E-F9D1-4F49-B65C-BC2BFB5CF645}.Debug|Any CPU.ActiveCfg = Debug|Any CPU
		{F39D5F1E-F9D1-4F49-B65C-BC2BFB5CF645}.Debug|Any CPU.Build.0 = Debug|Any CPU
		{F39D5F1E-F9D1-4F49-B65C-BC2BFB5CF645}.Debug|x64.ActiveCfg = Debug|Any CPU
		{F39D5F1E-F9D1-4F49-B65C-BC2BFB5CF645}.Debug|x64.Build.0 = Debug|Any CPU
		{F39D5F1E-F9D1-4F49-B65C-BC2BFB5CF645}.Debug|x86.ActiveCfg = Debug|Any CPU
		{F39D5F1E-F9D1-4F49-B65C-BC2BFB5CF645}.Debug|x86.Build.0 = Debug|Any CPU
		{F39D5F1E-F9D1-4F49-B65C-BC2BFB5CF645}.Release|Any CPU.ActiveCfg = Release|Any CPU
		{F39D5F1E-F9D1-4F49-B65C-BC2BFB5CF645}.Release|Any CPU.Build.0 = Release|Any CPU
		{F39D5F1E-F9D1-4F49-B65C-BC2BFB5CF645}.Release|x64.ActiveCfg = Release|Any CPU
		{F39D5F1E-F9D1-4F49-B65C-BC2BFB5CF645}.Release|x64.Build.0 = Release|Any CPU
		{F39D5F1E-F9D1-4F49-B65C-BC2BFB5CF645}.Release|x86.ActiveCfg = Release|Any CPU
		{F39D5F1E-F9D1-4F49-B65C-BC2BFB5CF645}.Release|x86.Build.0 = Release|Any CPU
		{063F3F17-8119-49FE-BB1B-1367B1CB3EBE}.Debug|Any CPU.ActiveCfg = Debug|Any CPU
		{063F3F17-8119-49FE-BB1B-1367B1CB3EBE}.Debug|Any CPU.Build.0 = Debug|Any CPU
		{063F3F17-8119-49FE-BB1B-1367B1CB3EBE}.Debug|x64.ActiveCfg = Debug|Any CPU
		{063F3F17-8119-49FE-BB1B-1367B1CB3EBE}.Debug|x64.Build.0 = Debug|Any CPU
		{063F3F17-8119-49FE-BB1B-1367B1CB3EBE}.Debug|x86.ActiveCfg = Debug|Any CPU
		{063F3F17-8119-49FE-BB1B-1367B1CB3EBE}.Debug|x86.Build.0 = Debug|Any CPU
		{063F3F17-8119-49FE-BB1B-1367B1CB3EBE}.Release|Any CPU.ActiveCfg = Release|Any CPU
		{063F3F17-8119-49FE-BB1B-1367B1CB3EBE}.Release|Any CPU.Build.0 = Release|Any CPU
		{063F3F17-8119-49FE-BB1B-1367B1CB3EBE}.Release|x64.ActiveCfg = Release|Any CPU
		{063F3F17-8119-49FE-BB1B-1367B1CB3EBE}.Release|x64.Build.0 = Release|Any CPU
		{063F3F17-8119-49FE-BB1B-1367B1CB3EBE}.Release|x86.ActiveCfg = Release|Any CPU
		{063F3F17-8119-49FE-BB1B-1367B1CB3EBE}.Release|x86.Build.0 = Release|Any CPU
	EndGlobalSection
	GlobalSection(NestedProjects) = preSolution
		{819CA3C9-648D-42AB-9596-1C50F1C83E97} = {665B191A-F857-4DCE-982F-A18D1E69BC93}
		{84ECA61C-22BC-4954-AB71-9A362C61050C} = {665B191A-F857-4DCE-982F-A18D1E69BC93}
		{56630348-6F0C-47A4-823C-AF560003A29B} = {665B191A-F857-4DCE-982F-A18D1E69BC93}
		{FF581E80-19AF-44DB-8C44-C4FDA74AE589} = {665B191A-F857-4DCE-982F-A18D1E69BC93}
		{435D7A7A-A16F-43BE-9A27-51AE9F4C4E78} = {665B191A-F857-4DCE-982F-A18D1E69BC93}
		{F39D5F1E-F9D1-4F49-B65C-BC2BFB5CF645} = {665B191A-F857-4DCE-982F-A18D1E69BC93}
		{063F3F17-8119-49FE-BB1B-1367B1CB3EBE} = {6AA1864D-4952-4001-9BDD-E8671F1E71B9}
	EndGlobalSection
EndGlobal
